
Microsoft Visual Studio Solution File, Format Version 12.00
# Visual Studio 15
VisualStudioVersion = 15.0.27703.2042
MinimumVisualStudioVersion = 10.0.40219.1
Project("{FAE04EC0-301F-11D3-BF4B-00C04F79EFBC}") = "SoftUniClone.Web", "SoftUniClone.Web\SoftUniClone.Web.csproj", "{0C6777A2-2CC3-4C6C-9E84-A808EF707E2A}"
EndProject
Global
	GlobalSection(SolutionConfigurationPlatforms) = preSolution
		Debug|Any CPU = Debug|Any CPU
		Release|Any CPU = Release|Any CPU
	EndGlobalSection
	GlobalSection(ProjectConfigurationPlatforms) = postSolution
		{0C6777A2-2CC3-4C6C-9E84-A808EF707E2A}.Debug|Any CPU.ActiveCfg = Debug|Any CPU
		{0C6777A2-2CC3-4C6C-9E84-A808EF707E2A}.Debug|Any CPU.Build.0 = Debug|Any CPU
		{0C6777A2-2CC3-4C6C-9E84-A808EF707E2A}.Release|Any CPU.ActiveCfg = Release|Any CPU
		{0C6777A2-2CC3-4C6C-9E84-A808EF707E2A}.Release|Any CPU.Build.0 = Release|Any CPU
	EndGlobalSection
	GlobalSection(SolutionProperties) = preSolution
		HideSolutionNode = FALSE
	EndGlobalSection
	GlobalSection(ExtensibilityGlobals) = postSolution
		SolutionGuid = {26F14479-69A5-40E7-B2CA-89DAEC17185C}
	EndGlobalSection
EndGlobal
